{
    "_readme": [
        "This file locks the dependencies of your project to a known state",
        "Read more about it at https://getcomposer.org/doc/01-basic-usage.md#installing-dependencies",
        "This file is @generated automatically"
    ],
    "content-hash": "6fb3144ce338f24788aa4e9db6e353ae",
    "packages": [
        {
            "name": "sanmai/japanese-numerals",
            "version": "v0.1.2",
            "source": {
                "type": "git",
                "url": "https://github.com/sanmai/JapaneseNumeral.git",
                "reference": "7fa376d745da92a074fdfde1093b3a5fdc3f988d"
            },
            "dist": {
                "type": "zip",
                "url": "https://api.github.com/repos/sanmai/JapaneseNumeral/zipball/7fa376d745da92a074fdfde1093b3a5fdc3f988d",
                "reference": "7fa376d745da92a074fdfde1093b3a5fdc3f988d",
                "shasum": ""
            },
            "require": {
                "ext-bcmath": "*",
                "php": ">=5.6"
            },
            "require-dev": {
                "friendsofphp/php-cs-fixer": "^2",
                "php-coveralls/php-coveralls": "^2",
                "sanmai/phpunit-legacy-adapter": "^6 || ^8"
            },
            "type": "library",
            "autoload": {
                "psr-4": {
                    "JapaneseNumerals\\": "src/JapaneseNumerals"
                }
            },
            "notification-url": "https://packagist.org/downloads/",
            "license": [
                "MIT"
            ],
            "authors": [
                {
                    "name": "ΩF:∅ Open Source Working Group (OFTN Inc.)",
                    "homepage": "https://github.com/oftn-oswg/common/blob/master/LICENSE.md"
                },
                {
                    "name": "Navarr Barnier",
                    "homepage": "https://github.com/oftn-oswg/common/blob/master/number/japanese.php"
                },
                {
                    "name": "Alexey Kopytko",
                    "email": "alexey@kopytko.com",
                    "homepage": "https://www.alexeykopytko.com/"
                }
            ],
            "description": "Library to convert Japanese numeral to their Western variants (AKA Hindu-Arabic numerals)",
            "support": {
                "issues": "https://github.com/sanmai/JapaneseNumeral/issues",
                "source": "https://github.com/sanmai/JapaneseNumeral/tree/v0.1.2"
            },
            "abandoned": true,
            "time": "2021-01-01T15:40:57+00:00"
        }
    ],
    "packages-dev": [],
    "aliases": [],
    "minimum-stability": "stable",
    "stability-flags": [],
    "prefer-stable": false,
    "prefer-lowest": false,
    "platform": [],
    "platform-dev": [],
    "plugin-api-version": "2.3.0"
}
